// !$*UTF8*$!
{
	archiveVersion = 1;
	classes = {
	};
	objectVersion = 50;
	objects = {

/* Begin PBXBuildFile section */
		8F06B975230D4E4E000A04E0 /* WorkVC.swift in Sources */ = {isa = PBXBuildFile; fileRef = 8F06B974230D4E4E000A04E0 /* WorkVC.swift */; };
		8F06B977230D5276000A04E0 /* WorkCellVC.swift in Sources */ = {isa = PBXBuildFile; fileRef = 8F06B976230D5276000A04E0 /* WorkCellVC.swift */; };
		8F0B6D85230AD7F00053C0F2 /* CollectionViewCell.swift in Sources */ = {isa = PBXBuildFile; fileRef = 8F0B6D84230AD7F00053C0F2 /* CollectionViewCell.swift */; };
		8F98DF9D23044C5A007FFDC4 /* AppDelegate.swift in Sources */ = {isa = PBXBuildFile; fileRef = 8F98DF9C23044C5A007FFDC4 /* AppDelegate.swift */; };
		8F98DF9F23044C5A007FFDC4 /* ViewController.swift in Sources */ = {isa = PBXBuildFile; fileRef = 8F98DF9E23044C5A007FFDC4 /* ViewController.swift */; };
		8F98DFA223044C5A007FFDC4 /* Main.storyboard in Resources */ = {isa = PBXBuildFile; fileRef = 8F98DFA023044C5A007FFDC4 /* Main.storyboard */; };
		8F98DFA423044C5B007FFDC4 /* Assets.xcassets in Resources */ = {isa = PBXBuildFile; fileRef = 8F98DFA323044C5B007FFDC4 /* Assets.xcassets */; };
		8F98DFA723044C5B007FFDC4 /* LaunchScreen.storyboard in Resources */ = {isa = PBXBuildFile; fileRef = 8F98DFA523044C5B007FFDC4 /* LaunchScreen.storyboard */; };
/* End PBXBuildFile section */

/* Begin PBXFileReference section */
		8F06B974230D4E4E000A04E0 /* WorkVC.swift */ = {isa = PBXFileReference; lastKnownFileType = sourcecode.swift; path = WorkVC.swift; sourceTree = "<group>"; };
		8F06B976230D5276000A04E0 /* WorkCellVC.swift */ = {isa = PBXFileReference; lastKnownFileType = sourcecode.swift; path = WorkCellVC.swift; sourceTree = "<group>"; };
		8F0B6D84230AD7F00053C0F2 /* CollectionViewCell.swift */ = {isa = PBXFileReference; lastKnownFileType = sourcecode.swift; path = CollectionViewCell.swift; sourceTree = "<group>"; };
		8F98DF9923044C5A007FFDC4 /* YML-Application.app */ = {isa = PBXFileReference; explicitFileType = wrapper.application; includeInIndex = 0; path = "YML-Application.app"; sourceTree = BUILT_PRODUCTS_DIR; };
		8F98DF9C23044C5A007FFDC4 /* AppDelegate.swift */ = {isa = PBXFileReference; lastKnownFileType = sourcecode.swift; path = AppDelegate.swift; sourceTree = "<group>"; };
		8F98DF9E23044C5A007FFDC4 /* ViewController.swift */ = {isa = PBXFileReference; lastKnownFileType = sourcecode.swift; path = ViewController.swift; sourceTree = "<group>"; };
		8F98DFA123044C5A007FFDC4 /* Base */ = {isa = PBXFileReference; lastKnownFileType = file.storyboard; name = Base; path = Base.lproj/Main.storyboard; sourceTree = "<group>"; };
		8F98DFA323044C5B007FFDC4 /* Assets.xcassets */ = {isa = PBXFileReference; lastKnownFileType = folder.assetcatalog; path = Assets.xcassets; sourceTree = "<group>"; };
		8F98DFA623044C5B007FFDC4 /* Base */ = {isa = PBXFileReference; lastKnownFileType = file.storyboard; name = Base; path = Base.lproj/LaunchScreen.storyboard; sourceTree = "<group>"; };
		8F98DFA823044C5B007FFDC4 /* Info.plist */ = {isa = PBXFileReference; lastKnownFileType = text.plist.xml; path = Info.plist; sourceTree = "<group>"; };
/* End PBXFileReference section */

/* Begin PBXFrameworksBuildPhase section */
		8F98DF9623044C5A007FFDC4 /* Frameworks */ = {
			isa = PBXFrameworksBuildPhase;
			buildActionMask = 2147483647;
			files = (
			);
			runOnlyForDeploymentPostprocessing = 0;
		};
/* End PBXFrameworksBuildPhase section */

/* Begin PBXGroup section */
		8F98DF9023044C5A007FFDC4 = {
			isa = PBXGroup;
			children = (
				8F98DF9B23044C5A007FFDC4 /* YML-Application */,
				8F98DF9A23044C5A007FFDC4 /* Products */,
			);
			sourceTree = "<group>";
		};
		8F98DF9A23044C5A007FFDC4 /* Products */ = {
			isa = PBXGroup;
			children = (
				8F98DF9923044C5A007FFDC4 /* YML-Application.app */,
			);
			name = Products;
			sourceTree = "<group>";
		};
		8F98DF9B23044C5A007FFDC4 /* YML-Application */ = {
			isa = PBXGroup;
			children = (
				8F98DF9C23044C5A007FFDC4 /* AppDelegate.swift */,
				8F98DF9E23044C5A007FFDC4 /* ViewController.swift */,
				8F06B976230D5276000A04E0 /* WorkCellVC.swift */,
				8F98DFA023044C5A007FFDC4 /* Main.storyboard */,
				8F98DFA323044C5B007FFDC4 /* Assets.xcassets */,
				8F98DFA523044C5B007FFDC4 /* LaunchScreen.storyboard */,
				8F98DFA823044C5B007FFDC4 /* Info.plist */,
				8F0B6D84230AD7F00053C0F2 /* CollectionViewCell.swift */,
				8F06B974230D4E4E000A04E0 /* WorkVC.swift */,
			);
			path = "YML-Application";
			sourceTree = "<group>";
		};
/* End PBXGroup section */

/* Begin PBXNativeTarget section */
		8F98DF9823044C5A007FFDC4 /* YML-Application */ = {
			isa = PBXNativeTarget;
			buildConfigurationList = 8F98DFAB23044C5B007FFDC4 /* Build configuration list for PBXNativeTarget "YML-Application" */;
			buildPhases = (
				8F98DF9523044C5A007FFDC4 /* Sources */,
				8F98DF9623044C5A007FFDC4 /* Frameworks */,
				8F98DF9723044C5A007FFDC4 /* Resources */,
			);
			buildRules = (
			);
			dependencies = (
			);
			name = "YML-Application";
			productName = "YML-Application";
			productReference = 8F98DF9923044C5A007FFDC4 /* YML-Application.app */;
			productType = "com.apple.product-type.application";
		};
/* End PBXNativeTarget section */

/* Begin PBXProject section */
		8F98DF9123044C5A007FFDC4 /* Project object */ = {
			isa = PBXProject;
			attributes = {
				LastSwiftUpdateCheck = 1030;
				LastUpgradeCheck = 1030;
				ORGANIZATIONNAME = "Karthik UK";
				TargetAttributes = {
					8F98DF9823044C5A007FFDC4 = {
						CreatedOnToolsVersion = 10.3;
					};
				};
			};
			buildConfigurationList = 8F98DF9423044C5A007FFDC4 /* Build configuration list for PBXProject "YML-Application" */;
			compatibilityVersion = "Xcode 9.3";
			developmentRegion = en;
			hasScannedForEncodings = 0;
			knownRegions = (
				en,
				Base,
			);
			mainGroup = 8F98DF9023044C5A007FFDC4;
			productRefGroup = 8F98DF9A23044C5A007FFDC4 /* Products */;
			projectDirPath = "";
			projectRoot = "";
			targets = (
				8F98DF9823044C5A007FFDC4 /* YML-Application */,
			);
		};
/* End PBXProject section */

/* Begin PBXResourcesBuildPhase section */
		8F98DF9723044C5A007FFDC4 /* Resources */ = {
			isa = PBXResourcesBuildPhase;
			buildActionMask = 2147483647;
			files = (
				8F98DFA723044C5B007FFDC4 /* LaunchScreen.storyboard in Resources */,
				8F98DFA423044C5B007FFDC4 /* Assets.xcassets in Resources */,
				8F98DFA223044C5A007FFDC4 /* Main.storyboard in Resources */,
			);
			runOnlyForDeploymentPostprocessing = 0;
		};
/* End PBXResourcesBuildPhase section */

/* Begin PBXSourcesBuildPhase section */
		8F98DF9523044C5A007FFDC4 /* Sources */ = {
			isa = PBXSourcesBuildPhase;
			buildActionMask = 2147483647;
			files = (
				8F98DF9F23044C5A007FFDC4 /* ViewController.swift in Sources */,
				8F98DF9D23044C5A007FFDC4 /* AppDelegate.swift in Sources */,
				8F06B977230D5276000A04E0 /* WorkCellVC.swift in Sources */,
				8F0B6D85230AD7F00053C0F2 /* CollectionViewCell.swift in Sources */,
				8F06B975230D4E4E000A04E0 /* WorkVC.swift in Sources */,
			);
			runOnlyForDeploymentPostprocessing = 0;
		};
/* End PBXSourcesBuildPhase section */

/* Begin PBXVariantGroup section */
		8F98DFA023044C5A007FFDC4 /* Main.storyboard */ = {
			isa = PBXVariantGroup;
			children = (
				8F98DFA123044C5A007FFDC4 /* Base */,
			);
			name = Main.storyboard;
			sourceTree = "<group>";
		};
		8F98DFA523044C5B007FFDC4 /* LaunchScreen.storyboard */ = {
			isa = PBXVariantGroup;
			children = (
				8F98DFA623044C5B007FFDC4 /* Base */,
			);
			name = LaunchScreen.storyboard;
			sourceTree = "<group>";
		};
/* End PBXVariantGroup section */

/* Begin XCBuildConfiguration section */
		8F98DFA923044C5B007FFDC4 /* Debug */ = {
			isa = XCBuildConfiguration;
			buildSettings = {
				ALWAYS_SEARCH_USER_PATHS = NO;
				CLANG_ANALYZER_NONNULL = YES;
				CLANG_ANALYZER_NUMBER_OBJECT_CONVERSION = YES_AGGRESSIVE;
				CLANG_CXX_LANGUAGE_STANDARD = "gnu++14";
				CLANG_CXX_LIBRARY = "libc++";
				CLANG_ENABLE_MODULES = YES;
				CLANG_ENABLE_OBJC_ARC = YES;
				CLANG_ENABLE_OBJC_WEAK = YES;
				CLANG_WARN_BLOCK_CAPTURE_AUTORELEASING = YES;
				CLANG_WARN_BOOL_CONVERSION = YES;
				CLANG_WARN_COMMA = YES;
				CLANG_WARN_CONSTANT_CONVERSION = YES;
				CLANG_WARN_DEPRECATED_OBJC_IMPLEMENTATIONS = YES;
				CLANG_WARN_DIRECT_OBJC_ISA_USAGE = YES_ERROR;
				CLANG_WARN_DOCUMENTATION_COMMENTS = YES;
				CLANG_WARN_EMPTY_BODY = YES;
				CLANG_WARN_ENUM_CONVERSION = YES;
				CLANG_WARN_INFINITE_RECURSION = YES;
				CLANG_WARN_INT_CONVERSION = YES;
				CLANG_WARN_NON_LITERAL_NULL_CONVERSION = YES;
				CLANG_WARN_OBJC_IMPLICIT_RETAIN_SELF = YES;
				CLANG_WARN_OBJC_LITERAL_CONVERSION = YES;
				CLANG_WARN_OBJC_ROOT_CLASS = YES_ERROR;
				CLANG_WARN_RANGE_LOOP_ANALYSIS = YES;
				CLANG_WARN_STRICT_PROTOTYPES = YES;
				CLANG_WARN_SUSPICIOUS_MOVE = YES;
				CLANG_WARN_UNGUARDED_AVAILABILITY = YES_AGGRESSIVE;
				CLANG_WARN_UNREACHABLE_CODE = YES;
				CLANG_WARN__DUPLICATE_METHOD_MATCH = YES;
				CODE_SIGN_IDENTITY = "iPhone Developer";
				COPY_PHASE_STRIP = NO;
				DEBUG_INFORMATION_FORMAT = dwarf;
				ENABLE_STRICT_OBJC_MSGSEND = YES;
				ENABLE_TESTABILITY = YES;
				GCC_C_LANGUAGE_STANDARD = gnu11;
				GCC_DYNAMIC_NO_PIC = NO;
				GCC_NO_COMMON_BLOCKS = YES;
				GCC_OPTIMIZATION_LEVEL = 0;
				GCC_PREPROCESSOR_DEFINITIONS = (
					"DEBUG=1",
					"$(inherited)",
				);
				GCC_WARN_64_TO_32_BIT_CONVERSION = YES;
				GCC_WARN_ABOUT_RETURN_TYPE = YES_ERROR;
				GCC_WARN_UNDECLARED_SELECTOR = YES;
				GCC_WARN_UNINITIALIZED_AUTOS = YES_AGGRESSIVE;
				GCC_WARN_UNUSED_FUNCTION = YES;
				GCC_WARN_UNUSED_VARIABLE = YES;
				IPHONEOS_DEPLOYMENT_TARGET = 12.4;
				MTL_ENABLE_DEBUG_INFO = INCLUDE_SOURCE;
				MTL_FAST_MATH = YES;
				ONLY_ACTIVE_ARCH = YES;
				SDKROOT = iphoneos;
				SWIFT_ACTIVE_COMPILATION_CONDITIONS = DEBUG;
				SWIFT_OPTIMIZATION_LEVEL = "-Onone";
			};
			name = Debug;
		};
		8F98DFAA23044C5B007FFDC4 /* Release */ = {
			isa = XCBuildConfiguration;
			buildSettings = {
				ALWAYS_SEARCH_USER_PATHS = NO;
				CLANG_ANALYZER_NONNULL = YES;
				CLANG_ANALYZER_NUMBER_OBJECT_CONVERSION = YES_AGGRESSIVE;
				CLANG_CXX_LANGUAGE_STANDARD = "gnu++14";
				CLANG_CXX_LIBRARY = "libc++";
				CLANG_ENABLE_MODULES = YES;
				CLANG_ENABLE_OBJC_ARC = YES;
				CLANG_ENABLE_OBJC_WEAK = YES;
				CLANG_WARN_BLOCK_CAPTURE_AUTORELEASING = YES;
				CLANG_WARN_BOOL_CONVERSION = YES;
				CLANG_WARN_COMMA = YES;
				CLANG_WARN_CONSTANT_CONVERSION = YES;
				CLANG_WARN_DEPRECATED_OBJC_IMPLEMENTATIONS = YES;
				CLANG_WARN_DIRECT_OBJC_ISA_USAGE = YES_ERROR;
				CLANG_WARN_DOCUMENTATION_COMMENTS = YES;
				CLANG_WARN_EMPTY_BODY = YES;
				CLANG_WARN_ENUM_CONVERSION = YES;
				CLANG_WARN_INFINITE_RECURSION = YES;
				CLANG_WARN_INT_CONVERSION = YES;
				CLANG_WARN_NON_LITERAL_NULL_CONVERSION = YES;
				CLANG_WARN_OBJC_IMPLICIT_RETAIN_SELF = YES;
				CLANG_WARN_OBJC_LITERAL_CONVERSION = YES;
				CLANG_WARN_OBJC_ROOT_CLASS = YES_ERROR;
				CLANG_WARN_RANGE_LOOP_ANALYSIS = YES;
				CLANG_WARN_STRICT_PROTOTYPES = YES;
				CLANG_WARN_SUSPICIOUS_MOVE = YES;
				CLANG_WARN_UNGUARDED_AVAILABILITY = YES_AGGRESSIVE;
				CLANG_WARN_UNREACHABLE_CODE = YES;
				CLANG_WARN__DUPLICATE_METHOD_MATCH = YES;
				CODE_SIGN_IDENTITY = "iPhone Developer";
				COPY_PHASE_STRIP = NO;
				DEBUG_INFORMATION_FORMAT = "dwarf-with-dsym";
				ENABLE_NS_ASSERTIONS = NO;
				ENABLE_STRICT_OBJC_MSGSEND = YES;
				GCC_C_LANGUAGE_STANDARD = gnu11;
				GCC_NO_COMMON_BLOCKS = YES;
				GCC_WARN_64_TO_32_BIT_CONVERSION = YES;
				GCC_WARN_ABOUT_RETURN_TYPE = YES_ERROR;
				GCC_WARN_UNDECLARED_SELECTOR = YES;
				GCC_WARN_UNINITIALIZED_AUTOS = YES_AGGRESSIVE;
				GCC_WARN_UNUSED_FUNCTION = YES;
				GCC_WARN_UNUSED_VARIABLE = YES;
				IPHONEOS_DEPLOYMENT_TARGET = 12.4;
				MTL_ENABLE_DEBUG_INFO = NO;
				MTL_FAST_MATH = YES;
				SDKROOT = iphoneos;
				SWIFT_COMPILATION_MODE = wholemodule;
				SWIFT_OPTIMIZATION_LEVEL = "-O";
				VALIDATE_PRODUCT = YES;
			};
			name = Release;
		};
		8F98DFAC23044C5B007FFDC4 /* Debug */ = {
			isa = XCBuildConfiguration;
			buildSettings = {
				ASSETCATALOG_COMPILER_APPICON_NAME = AppIcon;
				CODE_SIGN_STYLE = Automatic;
				INFOPLIST_FILE = "YML-Application/Info.plist";
				LD_RUNPATH_SEARCH_PATHS = (
					"$(inherited)",
					"@executable_path/Frameworks",
				);
				PRODUCT_BUNDLE_IDENTIFIER = "com.yml.YML-Application";
				PRODUCT_NAME = "$(TARGET_NAME)";
				SWIFT_VERSION = 5.0;
				TARGETED_DEVICE_FAMILY = "1,2";
			};
			name = Debug;
		};
		8F98DFAD23044C5B007FFDC4 /* Release */ = {
			isa = XCBuildConfiguration;
			buildSettings = {
				ASSETCATALOG_COMPILER_APPICON_NAME = AppIcon;
				CODE_SIGN_STYLE = Automatic;
				INFOPLIST_FILE = "YML-Application/Info.plist";
				LD_RUNPATH_SEARCH_PATHS = (
					"$(inherited)",
					"@executable_path/Frameworks",
				);
				PRODUCT_BUNDLE_IDENTIFIER = "com.yml.YML-Application";
				PRODUCT_NAME = "$(TARGET_NAME)";
				SWIFT_VERSION = 5.0;
				TARGETED_DEVICE_FAMILY = "1,2";
			};
			name = Release;
		};
/* End XCBuildConfiguration section */

/* Begin XCConfigurationList section */
		8F98DF9423044C5A007FFDC4 /* Build configuration list for PBXProject "YML-Application" */ = {
			isa = XCConfigurationList;
			buildConfigurations = (
				8F98DFA923044C5B007FFDC4 /* Debug */,
				8F98DFAA23044C5B007FFDC4 /* Release */,
			);
			defaultConfigurationIsVisible = 0;
			defaultConfigurationName = Release;
		};
		8F98DFAB23044C5B007FFDC4 /* Build configuration list for PBXNativeTarget "YML-Application" */ = {
			isa = XCConfigurationList;
			buildConfigurations = (
				8F98DFAC23044C5B007FFDC4 /* Debug */,
				8F98DFAD23044C5B007FFDC4 /* Release */,
			);
			defaultConfigurationIsVisible = 0;
			defaultConfigurationName = Release;
		};
/* End XCConfigurationList section */
	};
	rootObject = 8F98DF9123044C5A007FFDC4 /* Project object */;
}
